
Microsoft Visual Studio Solution File, Format Version 12.00
# Visual Studio Version 16
VisualStudioVersion = 16.0.31702.278
MinimumVisualStudioVersion = 10.0.40219.1
Project("{FAE04EC0-301F-11D3-BF4B-00C04F79EFBC}") = "Tuan4_NguyenPhuLoc", "Tuan4_NguyenPhuLoc\Tuan4_NguyenPhuLoc.csproj", "{1BD72E69-CDE6-44BD-B8E9-D5892D4A1195}"
EndProject
Global
	GlobalSection(SolutionConfigurationPlatforms) = preSolution
		Debug|Any CPU = Debug|Any CPU
		Release|Any CPU = Release|Any CPU
	EndGlobalSection
	GlobalSection(ProjectConfigurationPlatforms) = postSolution
		{1BD72E69-CDE6-44BD-B8E9-D5892D4A1195}.Debug|Any CPU.ActiveCfg = Debug|Any CPU
		{1BD72E69-CDE6-44BD-B8E9-D5892D4A1195}.Debug|Any CPU.Build.0 = Debug|Any CPU
		{1BD72E69-CDE6-44BD-B8E9-D5892D4A1195}.Release|Any CPU.ActiveCfg = Release|Any CPU
		{1BD72E69-CDE6-44BD-B8E9-D5892D4A1195}.Release|Any CPU.Build.0 = Release|Any CPU
	EndGlobalSection
	GlobalSection(SolutionProperties) = preSolution
		HideSolutionNode = FALSE
	EndGlobalSection
	GlobalSection(ExtensibilityGlobals) = postSolution
		SolutionGuid = {9BBC014F-1A8D-4A2C-B01F-7A2C3D3AB1A1}
	EndGlobalSection
EndGlobal
